
Microsoft Visual Studio Solution File, Format Version 12.00
# Visual Studio Version 17
VisualStudioVersion = 17.8.34330.188
MinimumVisualStudioVersion = 10.0.40219.1
Project("{888888A0-9F3D-457C-B088-3A5042F75D52}") = "IterationAndRecursion", "IterationAndRecursion.pyproj", "{8BBFBE70-AB2A-4717-ADBF-B0C1C0ED0659}"
EndProject
Global
	GlobalSection(SolutionConfigurationPlatforms) = preSolution
		Debug|Any CPU = Debug|Any CPU
		Release|Any CPU = Release|Any CPU
	EndGlobalSection
	GlobalSection(ProjectConfigurationPlatforms) = postSolution
		{8BBFBE70-AB2A-4717-ADBF-B0C1C0ED0659}.Debug|Any CPU.ActiveCfg = Debug|Any CPU
		{8BBFBE70-AB2A-4717-ADBF-B0C1C0ED0659}.Release|Any CPU.ActiveCfg = Release|Any CPU
	EndGlobalSection
	GlobalSection(SolutionProperties) = preSolution
		HideSolutionNode = FALSE
	EndGlobalSection
	GlobalSection(ExtensibilityGlobals) = postSolution
		SolutionGuid = {DF00E1CF-CB61-468F-8607-D71E00ED4EDD}
	EndGlobalSection
EndGlobal
